
Microsoft Visual Studio Solution File, Format Version 12.00
# Visual Studio Version 17
VisualStudioVersion = 17.0.31903.59
MinimumVisualStudioVersion = 10.0.40219.1
Project("{FAE04EC0-301F-11D3-BF4B-00C04F79EFBC}") = "Application", "Application\Application.csproj", "{8C6E11AB-DC3D-4379-80C6-2FD96E4013CA}"
EndProject
Project("{FAE04EC0-301F-11D3-BF4B-00C04F79EFBC}") = "Domain", "Domain\Domain.csproj", "{2226B76E-28A3-48BA-8D30-A4B261B60D13}"
EndProject
Project("{FAE04EC0-301F-11D3-BF4B-00C04F79EFBC}") = "Api", "Api\Api.csproj", "{DF5B9886-8FB2-4EBE-8141-D352892C8FA1}"
EndProject
Project("{FAE04EC0-301F-11D3-BF4B-00C04F79EFBC}") = "Persistence", "Persistence\Persistence.csproj", "{C04B615E-D98B-4611-B3C9-05663A1B2B0E}"
EndProject
Global
	GlobalSection(SolutionConfigurationPlatforms) = preSolution
		Debug|Any CPU = Debug|Any CPU
		Release|Any CPU = Release|Any CPU
	EndGlobalSection
	GlobalSection(SolutionProperties) = preSolution
		HideSolutionNode = FALSE
	EndGlobalSection
	GlobalSection(ProjectConfigurationPlatforms) = postSolution
		{8C6E11AB-DC3D-4379-80C6-2FD96E4013CA}.Debug|Any CPU.ActiveCfg = Debug|Any CPU
		{8C6E11AB-DC3D-4379-80C6-2FD96E4013CA}.Debug|Any CPU.Build.0 = Debug|Any CPU
		{8C6E11AB-DC3D-4379-80C6-2FD96E4013CA}.Release|Any CPU.ActiveCfg = Release|Any CPU
		{8C6E11AB-DC3D-4379-80C6-2FD96E4013CA}.Release|Any CPU.Build.0 = Release|Any CPU
		{2226B76E-28A3-48BA-8D30-A4B261B60D13}.Debug|Any CPU.ActiveCfg = Debug|Any CPU
		{2226B76E-28A3-48BA-8D30-A4B261B60D13}.Debug|Any CPU.Build.0 = Debug|Any CPU
		{2226B76E-28A3-48BA-8D30-A4B261B60D13}.Release|Any CPU.ActiveCfg = Release|Any CPU
		{2226B76E-28A3-48BA-8D30-A4B261B60D13}.Release|Any CPU.Build.0 = Release|Any CPU
		{DF5B9886-8FB2-4EBE-8141-D352892C8FA1}.Debug|Any CPU.ActiveCfg = Debug|Any CPU
		{DF5B9886-8FB2-4EBE-8141-D352892C8FA1}.Debug|Any CPU.Build.0 = Debug|Any CPU
		{DF5B9886-8FB2-4EBE-8141-D352892C8FA1}.Release|Any CPU.ActiveCfg = Release|Any CPU
		{DF5B9886-8FB2-4EBE-8141-D352892C8FA1}.Release|Any CPU.Build.0 = Release|Any CPU
		{C04B615E-D98B-4611-B3C9-05663A1B2B0E}.Debug|Any CPU.ActiveCfg = Debug|Any CPU
		{C04B615E-D98B-4611-B3C9-05663A1B2B0E}.Debug|Any CPU.Build.0 = Debug|Any CPU
		{C04B615E-D98B-4611-B3C9-05663A1B2B0E}.Release|Any CPU.ActiveCfg = Release|Any CPU
		{C04B615E-D98B-4611-B3C9-05663A1B2B0E}.Release|Any CPU.Build.0 = Release|Any CPU
	EndGlobalSection
EndGlobal
